
Microsoft Visual Studio Solution File, Format Version 12.00
# Visual Studio Version 16
VisualStudioVersion = 16.0.30503.244
MinimumVisualStudioVersion = 10.0.40219.1
Project("{9A19103F-16F7-4668-BE54-9A1E7A4F7556}") = "K.UserRoles", "K.UserRoles\K.UserRoles.csproj", "{AE337235-A637-40C8-B451-CAF326511172}"
EndProject
Project("{9A19103F-16F7-4668-BE54-9A1E7A4F7556}") = "K.UserRoles.Test", "K.UserRoles.Test\K.UserRoles.Test.csproj", "{59DF4B54-7139-4CAE-8F28-D4E6029BD909}"
EndProject
Global
	GlobalSection(SolutionConfigurationPlatforms) = preSolution
		Debug|Any CPU = Debug|Any CPU
		Release|Any CPU = Release|Any CPU
	EndGlobalSection
	GlobalSection(ProjectConfigurationPlatforms) = postSolution
		{AE337235-A637-40C8-B451-CAF326511172}.Debug|Any CPU.ActiveCfg = Debug|Any CPU
		{AE337235-A637-40C8-B451-CAF326511172}.Debug|Any CPU.Build.0 = Debug|Any CPU
		{AE337235-A637-40C8-B451-CAF326511172}.Release|Any CPU.ActiveCfg = Release|Any CPU
		{AE337235-A637-40C8-B451-CAF326511172}.Release|Any CPU.Build.0 = Release|Any CPU
		{59DF4B54-7139-4CAE-8F28-D4E6029BD909}.Debug|Any CPU.ActiveCfg = Debug|Any CPU
		{59DF4B54-7139-4CAE-8F28-D4E6029BD909}.Debug|Any CPU.Build.0 = Debug|Any CPU
		{59DF4B54-7139-4CAE-8F28-D4E6029BD909}.Release|Any CPU.ActiveCfg = Release|Any CPU
		{59DF4B54-7139-4CAE-8F28-D4E6029BD909}.Release|Any CPU.Build.0 = Release|Any CPU
	EndGlobalSection
	GlobalSection(SolutionProperties) = preSolution
		HideSolutionNode = FALSE
	EndGlobalSection
	GlobalSection(ExtensibilityGlobals) = postSolution
		SolutionGuid = {E4BEAFCB-3CFF-46DB-A8F8-074E21B596F3}
	EndGlobalSection
EndGlobal
